
Microsoft Visual Studio Solution File, Format Version 12.00
# Visual Studio Version 16
VisualStudioVersion = 16.0.31025.218
MinimumVisualStudioVersion = 10.0.40219.1
Project("{FAE04EC0-301F-11D3-BF4B-00C04F79EFBC}") = "Eras.Public.IronPdf", "Eras.Public.IronPdf.csproj", "{81AD802D-F44C-4FC0-B974-5FE5F6EA81EC}"
EndProject
Global
	GlobalSection(SolutionConfigurationPlatforms) = preSolution
		Debug|Any CPU = Debug|Any CPU
		Release|Any CPU = Release|Any CPU
	EndGlobalSection
	GlobalSection(ProjectConfigurationPlatforms) = postSolution
		{81AD802D-F44C-4FC0-B974-5FE5F6EA81EC}.Debug|Any CPU.ActiveCfg = Debug|Any CPU
		{81AD802D-F44C-4FC0-B974-5FE5F6EA81EC}.Debug|Any CPU.Build.0 = Debug|Any CPU
		{81AD802D-F44C-4FC0-B974-5FE5F6EA81EC}.Release|Any CPU.ActiveCfg = Release|Any CPU
		{81AD802D-F44C-4FC0-B974-5FE5F6EA81EC}.Release|Any CPU.Build.0 = Release|Any CPU
	EndGlobalSection
	GlobalSection(SolutionProperties) = preSolution
		HideSolutionNode = FALSE
	EndGlobalSection
	GlobalSection(ExtensibilityGlobals) = postSolution
		SolutionGuid = {2D1BEF7E-F881-4AA9-BC53-2607326913A5}
	EndGlobalSection
EndGlobal
